
Microsoft Visual Studio Solution File, Format Version 12.00
# Visual Studio Version 16
VisualStudioVersion = 16.0.31205.134
MinimumVisualStudioVersion = 10.0.40219.1
Project("{FAE04EC0-301F-11D3-BF4B-00C04F79EFBC}") = "CheckoutLibb", "CheckoutLibb\CheckoutLibb.csproj", "{D3501316-311C-4839-B619-1D5796C66C5C}"
EndProject
Global
	GlobalSection(SolutionConfigurationPlatforms) = preSolution
		Debug|Any CPU = Debug|Any CPU
		Release|Any CPU = Release|Any CPU
	EndGlobalSection
	GlobalSection(ProjectConfigurationPlatforms) = postSolution
		{D3501316-311C-4839-B619-1D5796C66C5C}.Debug|Any CPU.ActiveCfg = Debug|Any CPU
		{D3501316-311C-4839-B619-1D5796C66C5C}.Debug|Any CPU.Build.0 = Debug|Any CPU
		{D3501316-311C-4839-B619-1D5796C66C5C}.Release|Any CPU.ActiveCfg = Release|Any CPU
		{D3501316-311C-4839-B619-1D5796C66C5C}.Release|Any CPU.Build.0 = Release|Any CPU
	EndGlobalSection
	GlobalSection(SolutionProperties) = preSolution
		HideSolutionNode = FALSE
	EndGlobalSection
	GlobalSection(ExtensibilityGlobals) = postSolution
		SolutionGuid = {87CA7BEF-4698-406B-8DD2-75E79D99AA82}
	EndGlobalSection
EndGlobal
